
Microsoft Visual Studio Solution File, Format Version 12.00
# Visual Studio Version 16
VisualStudioVersion = 16.0.30503.244
MinimumVisualStudioVersion = 10.0.40219.1
Project("{FAE04EC0-301F-11D3-BF4B-00C04F79EFBC}") = "UpdatedConsoleApplication", "UpdatedConsoleApplication\UpdatedConsoleApplication.csproj", "{0326D27A-0E5C-49B7-95E0-D61D1E13E089}"
EndProject
Global
	GlobalSection(SolutionConfigurationPlatforms) = preSolution
		Debug|Any CPU = Debug|Any CPU
		Release|Any CPU = Release|Any CPU
	EndGlobalSection
	GlobalSection(ProjectConfigurationPlatforms) = postSolution
		{0326D27A-0E5C-49B7-95E0-D61D1E13E089}.Debug|Any CPU.ActiveCfg = Debug|Any CPU
		{0326D27A-0E5C-49B7-95E0-D61D1E13E089}.Debug|Any CPU.Build.0 = Debug|Any CPU
		{0326D27A-0E5C-49B7-95E0-D61D1E13E089}.Release|Any CPU.ActiveCfg = Release|Any CPU
		{0326D27A-0E5C-49B7-95E0-D61D1E13E089}.Release|Any CPU.Build.0 = Release|Any CPU
	EndGlobalSection
	GlobalSection(SolutionProperties) = preSolution
		HideSolutionNode = FALSE
	EndGlobalSection
	GlobalSection(ExtensibilityGlobals) = postSolution
		SolutionGuid = {2DD218F0-B727-447A-8E09-07FEAD64EC6C}
	EndGlobalSection
EndGlobal
