
Microsoft Visual Studio Solution File, Format Version 12.00
# Visual Studio Version 16
VisualStudioVersion = 16.0.30503.244
MinimumVisualStudioVersion = 10.0.40219.1
Project("{FAE04EC0-301F-11D3-BF4B-00C04F79EFBC}") = "MegaDesk", "MegaDesk\MegaDesk.csproj", "{C36D4A60-8C6F-474F-ADB7-73F7366A2A61}"
EndProject
Global
	GlobalSection(SolutionConfigurationPlatforms) = preSolution
		Debug|Any CPU = Debug|Any CPU
		Release|Any CPU = Release|Any CPU
	EndGlobalSection
	GlobalSection(ProjectConfigurationPlatforms) = postSolution
		{C36D4A60-8C6F-474F-ADB7-73F7366A2A61}.Debug|Any CPU.ActiveCfg = Debug|Any CPU
		{C36D4A60-8C6F-474F-ADB7-73F7366A2A61}.Debug|Any CPU.Build.0 = Debug|Any CPU
		{C36D4A60-8C6F-474F-ADB7-73F7366A2A61}.Release|Any CPU.ActiveCfg = Release|Any CPU
		{C36D4A60-8C6F-474F-ADB7-73F7366A2A61}.Release|Any CPU.Build.0 = Release|Any CPU
	EndGlobalSection
	GlobalSection(SolutionProperties) = preSolution
		HideSolutionNode = FALSE
	EndGlobalSection
	GlobalSection(ExtensibilityGlobals) = postSolution
		SolutionGuid = {635E7026-17EA-4F12-AD54-F8B90C067649}
	EndGlobalSection
EndGlobal
