
Microsoft Visual Studio Solution File, Format Version 12.00
# Visual Studio Version 16
VisualStudioVersion = 16.0.30503.244
MinimumVisualStudioVersion = 10.0.40219.1
Project("{FAE04EC0-301F-11D3-BF4B-00C04F79EFBC}") = "MvcMovie", "MvcMovie.csproj", "{A70A7C90-F6B1-4AAE-A501-6A73B0ED1493}"
EndProject
Global
	GlobalSection(SolutionConfigurationPlatforms) = preSolution
		Debug|Any CPU = Debug|Any CPU
		Release|Any CPU = Release|Any CPU
	EndGlobalSection
	GlobalSection(ProjectConfigurationPlatforms) = postSolution
		{A70A7C90-F6B1-4AAE-A501-6A73B0ED1493}.Debug|Any CPU.ActiveCfg = Debug|Any CPU
		{A70A7C90-F6B1-4AAE-A501-6A73B0ED1493}.Debug|Any CPU.Build.0 = Debug|Any CPU
		{A70A7C90-F6B1-4AAE-A501-6A73B0ED1493}.Release|Any CPU.ActiveCfg = Release|Any CPU
		{A70A7C90-F6B1-4AAE-A501-6A73B0ED1493}.Release|Any CPU.Build.0 = Release|Any CPU
	EndGlobalSection
	GlobalSection(SolutionProperties) = preSolution
		HideSolutionNode = FALSE
	EndGlobalSection
	GlobalSection(ExtensibilityGlobals) = postSolution
		SolutionGuid = {FA6DBD6E-8CFC-431A-A544-FA59BB612E0A}
	EndGlobalSection
EndGlobal
