
Microsoft Visual Studio Solution File, Format Version 12.00
# Visual Studio Version 16
VisualStudioVersion = 16.0.30503.244
MinimumVisualStudioVersion = 10.0.40219.1
Project("{FAE04EC0-301F-11D3-BF4B-00C04F79EFBC}") = "BooksApi", "BooksApi.csproj", "{AC318E40-C655-4400-8641-0BAD4160A440}"
EndProject
Global
	GlobalSection(SolutionConfigurationPlatforms) = preSolution
		Debug|Any CPU = Debug|Any CPU
		Release|Any CPU = Release|Any CPU
	EndGlobalSection
	GlobalSection(ProjectConfigurationPlatforms) = postSolution
		{AC318E40-C655-4400-8641-0BAD4160A440}.Debug|Any CPU.ActiveCfg = Debug|Any CPU
		{AC318E40-C655-4400-8641-0BAD4160A440}.Debug|Any CPU.Build.0 = Debug|Any CPU
		{AC318E40-C655-4400-8641-0BAD4160A440}.Release|Any CPU.ActiveCfg = Release|Any CPU
		{AC318E40-C655-4400-8641-0BAD4160A440}.Release|Any CPU.Build.0 = Release|Any CPU
	EndGlobalSection
	GlobalSection(SolutionProperties) = preSolution
		HideSolutionNode = FALSE
	EndGlobalSection
	GlobalSection(ExtensibilityGlobals) = postSolution
		SolutionGuid = {A18E06A0-A9FD-41DB-9410-43792C648003}
	EndGlobalSection
EndGlobal
